// !$*UTF8*$!
{
	archiveVersion = 1;
	classes = {
	};
	objectVersion = 46;
	objects = {

/* Begin PBXBuildFile section */
		9B0C49D71B42E2AC007AF237 /* DiskSpaceManager.m in Sources */ = {isa = PBXBuildFile; fileRef = 9B0C49D61B42E2AC007AF237 /* DiskSpaceManager.m */; };
		9B0C92381B05801B008F70E3 /* FrameBuffer.mm in Sources */ = {isa = PBXBuildFile; fileRef = 9B0C92371B05801B008F70E3 /* FrameBuffer.mm */; };
		9B0C923D1B058055008F70E3 /* UIImage+OpenCV.mm in Sources */ = {isa = PBXBuildFile; fileRef = 9B0C923C1B058055008F70E3 /* UIImage+OpenCV.mm */; };
		9B0C92461B05899B008F70E3 /* MotionAnalysis.mm in Sources */ = {isa = PBXBuildFile; fileRef = 9B0C92451B05899B008F70E3 /* MotionAnalysis.mm */; };
		9B13268F1B03B64800FB694B /* WhiteBalanceViewController.m in Sources */ = {isa = PBXBuildFile; fileRef = 9B13268E1B03B64800FB694B /* WhiteBalanceViewController.m */; };
		9B1326921B03BB7100FB694B /* ExposureISOViewController.m in Sources */ = {isa = PBXBuildFile; fileRef = 9B1326911B03BB7100FB694B /* ExposureISOViewController.m */; };
		9B1326951B03D00600FB694B /* CameraDispatcher.m in Sources */ = {isa = PBXBuildFile; fileRef = 9B1326941B03D00600FB694B /* CameraDispatcher.m */; };
		9B2209ED1B1B813800093516 /* TestRecordViewController.m in Sources */ = {isa = PBXBuildFile; fileRef = 9B2209EC1B1B813800093516 /* TestRecordViewController.m */; };
		9B2209F61B1B8E3900093516 /* MotionObject.m in Sources */ = {isa = PBXBuildFile; fileRef = 9B2209F51B1B8E3900093516 /* MotionObject.m */; };
		9B2209F91B1B966E00093516 /* VideosViewController.m in Sources */ = {isa = PBXBuildFile; fileRef = 9B2209F81B1B966E00093516 /* VideosViewController.m */; };
		9B2209FC1B1BB4F400093516 /* ImageScrollView.m in Sources */ = {isa = PBXBuildFile; fileRef = 9B2209FB1B1BB4F400093516 /* ImageScrollView.m */; };
		9B304CE61DC2C0500044D411 /* AWSCore.framework in Frameworks */ = {isa = PBXBuildFile; fileRef = 9B304CE51DC2C0500044D411 /* AWSCore.framework */; };
		9B304CE71DC2C0500044D411 /* AWSCore.framework in Embed Frameworks */ = {isa = PBXBuildFile; fileRef = 9B304CE51DC2C0500044D411 /* AWSCore.framework */; settings = {ATTRIBUTES = (CodeSignOnCopy, RemoveHeadersOnCopy, ); }; };
		9B3B93BB1AFE7F7F00C391CC /* main.m in Sources */ = {isa = PBXBuildFile; fileRef = 9B3B93BA1AFE7F7F00C391CC /* main.m */; };
		9B3B93BE1AFE7F7F00C391CC /* LoaAppDelegate.m in Sources */ = {isa = PBXBuildFile; fileRef = 9B3B93BD1AFE7F7F00C391CC /* LoaAppDelegate.m */; };
		9B3B93C71AFE7F7F00C391CC /* Main.storyboard in Resources */ = {isa = PBXBuildFile; fileRef = 9B3B93C51AFE7F7F00C391CC /* Main.storyboard */; };
		9B3B93C91AFE7F7F00C391CC /* Images.xcassets in Resources */ = {isa = PBXBuildFile; fileRef = 9B3B93C81AFE7F7F00C391CC /* Images.xcassets */; };
		9B3B93CC1AFE7F7F00C391CC /* LaunchScreen.xib in Resources */ = {isa = PBXBuildFile; fileRef = 9B3B93CA1AFE7F7F00C391CC /* LaunchScreen.xib */; };
		9B3B93D81AFE7F7F00C391CC /* CellScopeLoaTests.m in Sources */ = {isa = PBXBuildFile; fileRef = 9B3B93D71AFE7F7F00C391CC /* CellScopeLoaTests.m */; };
		9B3B93E41AFE804E00C391CC /* Bolts.framework in Frameworks */ = {isa = PBXBuildFile; fileRef = 9B3B93E21AFE804E00C391CC /* Bolts.framework */; };
		9B3B93E71AFE807A00C391CC /* AudioToolbox.framework in Frameworks */ = {isa = PBXBuildFile; fileRef = 9B3B93E61AFE807A00C391CC /* AudioToolbox.framework */; };
		9B3B93E91AFE807F00C391CC /* CFNetwork.framework in Frameworks */ = {isa = PBXBuildFile; fileRef = 9B3B93E81AFE807F00C391CC /* CFNetwork.framework */; };
		9B3B93EB1AFE808400C391CC /* CoreGraphics.framework in Frameworks */ = {isa = PBXBuildFile; fileRef = 9B3B93EA1AFE808400C391CC /* CoreGraphics.framework */; };
		9B3B93ED1AFE808900C391CC /* CoreLocation.framework in Frameworks */ = {isa = PBXBuildFile; fileRef = 9B3B93EC1AFE808900C391CC /* CoreLocation.framework */; };
		9B3B93EF1AFE808F00C391CC /* MobileCoreServices.framework in Frameworks */ = {isa = PBXBuildFile; fileRef = 9B3B93EE1AFE808F00C391CC /* MobileCoreServices.framework */; };
		9B3B93F11AFE809300C391CC /* QuartzCore.framework in Frameworks */ = {isa = PBXBuildFile; fileRef = 9B3B93F01AFE809300C391CC /* QuartzCore.framework */; };
		9B3B93F31AFE809900C391CC /* Security.framework in Frameworks */ = {isa = PBXBuildFile; fileRef = 9B3B93F21AFE809900C391CC /* Security.framework */; };
		9B3B93F51AFE809E00C391CC /* StoreKit.framework in Frameworks */ = {isa = PBXBuildFile; fileRef = 9B3B93F41AFE809E00C391CC /* StoreKit.framework */; };
		9B3B93F71AFE80A500C391CC /* SystemConfiguration.framework in Frameworks */ = {isa = PBXBuildFile; fileRef = 9B3B93F61AFE80A500C391CC /* SystemConfiguration.framework */; };
		9B3B94011AFE87F100C391CC /* MenuTableViewController.m in Sources */ = {isa = PBXBuildFile; fileRef = 9B3B94001AFE87F100C391CC /* MenuTableViewController.m */; };
		9B3B94041AFE8B1900C391CC /* BarcodeIDViewController.m in Sources */ = {isa = PBXBuildFile; fileRef = 9B3B94031AFE8B1900C391CC /* BarcodeIDViewController.m */; };
		9B3B940A1AFE980B00C391CC /* ManualIDViewController.m in Sources */ = {isa = PBXBuildFile; fileRef = 9B3B94091AFE980B00C391CC /* ManualIDViewController.m */; };
		9B3B940D1AFEA11900C391CC /* TestViewController.m in Sources */ = {isa = PBXBuildFile; fileRef = 9B3B940C1AFEA11900C391CC /* TestViewController.m */; };
		9B3B94101AFEA25900C391CC /* CaptureViewController.m in Sources */ = {isa = PBXBuildFile; fileRef = 9B3B940F1AFEA25900C391CC /* CaptureViewController.m */; };
		9B4792461B0D93E400460CA3 /* DataTableViewController.m in Sources */ = {isa = PBXBuildFile; fileRef = 9B4792451B0D93E400460CA3 /* DataTableViewController.m */; };
		9B6AF2601B503A38005552A7 /* Video.m in Sources */ = {isa = PBXBuildFile; fileRef = 9B6AF25F1B503A38005552A7 /* Video.m */; };
		9B7DCEA11DAFFC2C006C3200 /* Parse.framework in Frameworks */ = {isa = PBXBuildFile; fileRef = 9B7DCEA01DAFFC2C006C3200 /* Parse.framework */; };
		9B84182E1AFEC839008DBA7B /* TextBluetoothScanner.m in Sources */ = {isa = PBXBuildFile; fileRef = 9B84182D1AFEC839008DBA7B /* TextBluetoothScanner.m */; };
		9B8418341AFEC97A008DBA7B /* DeviceTableViewController.m in Sources */ = {isa = PBXBuildFile; fileRef = 9B8418331AFEC97A008DBA7B /* DeviceTableViewController.m */; };
		9B8418371AFFD9D1008DBA7B /* LLCamera.m in Sources */ = {isa = PBXBuildFile; fileRef = 9B8418361AFFD9D1008DBA7B /* LLCamera.m */; };
		9B84183C1AFFEFCA008DBA7B /* BLE.m in Sources */ = {isa = PBXBuildFile; fileRef = 9B84183A1AFFEFCA008DBA7B /* BLE.m */; };
		9B84183F1AFFF068008DBA7B /* BLEManager.m in Sources */ = {isa = PBXBuildFile; fileRef = 9B84183E1AFFF068008DBA7B /* BLEManager.m */; };
		9B8418421AFFF12D008DBA7B /* constants.m in Sources */ = {isa = PBXBuildFile; fileRef = 9B8418411AFFF12D008DBA7B /* constants.m */; };
		9B8418451B000D71008DBA7B /* DeviceManagerViewController.m in Sources */ = {isa = PBXBuildFile; fileRef = 9B8418441B000D71008DBA7B /* DeviceManagerViewController.m */; };
		9B8418481B0024C4008DBA7B /* Model.xcdatamodeld in Sources */ = {isa = PBXBuildFile; fileRef = 9B8418461B0024C4008DBA7B /* Model.xcdatamodeld */; };
		9B84185A1B0032D9008DBA7B /* CSLContext.m in Sources */ = {isa = PBXBuildFile; fileRef = 9B8418591B0032D9008DBA7B /* CSLContext.m */; };
		9B84185C1B00390F008DBA7B /* AdSupport.framework in Frameworks */ = {isa = PBXBuildFile; fileRef = 9B84185B1B00390F008DBA7B /* AdSupport.framework */; };
		9B84186D1B01201E008DBA7B /* SettingsPasswordViewController.m in Sources */ = {isa = PBXBuildFile; fileRef = 9B84186C1B01201E008DBA7B /* SettingsPasswordViewController.m */; };
		9B8418701B01239D008DBA7B /* SettingsTableViewController.m in Sources */ = {isa = PBXBuildFile; fileRef = 9B84186F1B01239D008DBA7B /* SettingsTableViewController.m */; };
		9B89B9AC1DC6AE6500EFD2DD /* DynamoVideo.m in Sources */ = {isa = PBXBuildFile; fileRef = 9B89B9AB1DC6AE6500EFD2DD /* DynamoVideo.m */; };
		9B9D7D191DC2F077004F7EC3 /* AWSCognito.framework in Frameworks */ = {isa = PBXBuildFile; fileRef = 9B9D7D161DC2F077004F7EC3 /* AWSCognito.framework */; };
		9B9D7D1A1DC2F077004F7EC3 /* AWSCognito.framework in Embed Frameworks */ = {isa = PBXBuildFile; fileRef = 9B9D7D161DC2F077004F7EC3 /* AWSCognito.framework */; settings = {ATTRIBUTES = (CodeSignOnCopy, RemoveHeadersOnCopy, ); }; };
		9B9D7D1B1DC2F077004F7EC3 /* AWSCognitoIdentityProvider.framework in Frameworks */ = {isa = PBXBuildFile; fileRef = 9B9D7D171DC2F077004F7EC3 /* AWSCognitoIdentityProvider.framework */; };
		9B9D7D1C1DC2F077004F7EC3 /* AWSCognitoIdentityProvider.framework in Embed Frameworks */ = {isa = PBXBuildFile; fileRef = 9B9D7D171DC2F077004F7EC3 /* AWSCognitoIdentityProvider.framework */; settings = {ATTRIBUTES = (CodeSignOnCopy, RemoveHeadersOnCopy, ); }; };
		9B9D7D1D1DC2F077004F7EC3 /* AWSDynamoDB.framework in Frameworks */ = {isa = PBXBuildFile; fileRef = 9B9D7D181DC2F077004F7EC3 /* AWSDynamoDB.framework */; };
		9B9D7D1E1DC2F077004F7EC3 /* AWSDynamoDB.framework in Embed Frameworks */ = {isa = PBXBuildFile; fileRef = 9B9D7D181DC2F077004F7EC3 /* AWSDynamoDB.framework */; settings = {ATTRIBUTES = (CodeSignOnCopy, RemoveHeadersOnCopy, ); }; };
		9B9D7D201DC2F0CA004F7EC3 /* AWSS3.framework in Frameworks */ = {isa = PBXBuildFile; fileRef = 9B9D7D1F1DC2F0CA004F7EC3 /* AWSS3.framework */; };
		9B9D7D211DC2F0CA004F7EC3 /* AWSS3.framework in Embed Frameworks */ = {isa = PBXBuildFile; fileRef = 9B9D7D1F1DC2F0CA004F7EC3 /* AWSS3.framework */; settings = {ATTRIBUTES = (CodeSignOnCopy, RemoveHeadersOnCopy, ); }; };
		9B9D7D241DC2FA37004F7EC3 /* DynamoTestRecord.m in Sources */ = {isa = PBXBuildFile; fileRef = 9B9D7D231DC2FA37004F7EC3 /* DynamoTestRecord.m */; };
		9B9D7D271DC2FC66004F7EC3 /* DynamoDataAdaptor.m in Sources */ = {isa = PBXBuildFile; fileRef = 9B9D7D261DC2FC66004F7EC3 /* DynamoDataAdaptor.m */; };
		9BA882E71DC275BE008C00B3 /* opencv2.framework in Frameworks */ = {isa = PBXBuildFile; fileRef = 9BA882E61DC275BE008C00B3 /* opencv2.framework */; };
		9BAFD6D91B06A489001DC361 /* TestValidation.m in Sources */ = {isa = PBXBuildFile; fileRef = 9BAFD6D81B06A489001DC361 /* TestValidation.m */; };
		9BAFD6DF1B06AB12001DC361 /* ValidResultsViewController.m in Sources */ = {isa = PBXBuildFile; fileRef = 9BAFD6DE1B06AB12001DC361 /* ValidResultsViewController.m */; };
		9BAFD6E21B09148F001DC361 /* BluetoothLoaDevice.m in Sources */ = {isa = PBXBuildFile; fileRef = 9BAFD6E11B09148F001DC361 /* BluetoothLoaDevice.m */; };
		9BAFD6E51B0934BF001DC361 /* Localizable.strings in Resources */ = {isa = PBXBuildFile; fileRef = 9BAFD6E71B0934BF001DC361 /* Localizable.strings */; };
		9BAFD6F01B093C0C001DC361 /* InvalidResultsViewController.m in Sources */ = {isa = PBXBuildFile; fileRef = 9BAFD6EF1B093C0C001DC361 /* InvalidResultsViewController.m */; };
		9BAFD6F31B099B82001DC361 /* ParseDataAdaptor.m in Sources */ = {isa = PBXBuildFile; fileRef = 9BAFD6F21B099B82001DC361 /* ParseDataAdaptor.m */; };
		9BAFD6F61B09A0F4001DC361 /* CloudSyncViewController.m in Sources */ = {isa = PBXBuildFile; fileRef = 9BAFD6F51B09A0F4001DC361 /* CloudSyncViewController.m */; };
		9BAFD6F91B0C3427001DC361 /* AugmentedMotionScopeViewController.m in Sources */ = {isa = PBXBuildFile; fileRef = 9BAFD6F81B0C3427001DC361 /* AugmentedMotionScopeViewController.m */; };
		9BFF5B891B4C75C000831E7E /* TestRecord.m in Sources */ = {isa = PBXBuildFile; fileRef = 9BFF5B881B4C75C000831E7E /* TestRecord.m */; };
		9BFF5B921B4DC1D800831E7E /* CapillaryRecord.m in Sources */ = {isa = PBXBuildFile; fileRef = 9BFF5B911B4DC1D800831E7E /* CapillaryRecord.m */; };
/* End PBXBuildFile section */

/* Begin PBXContainerItemProxy section */
		9B3B93D21AFE7F7F00C391CC /* PBXContainerItemProxy */ = {
			isa = PBXContainerItemProxy;
			containerPortal = 9B3B93AD1AFE7F7F00C391CC /* Project object */;
			proxyType = 1;
			remoteGlobalIDString = 9B3B93B41AFE7F7F00C391CC;
			remoteInfo = CellScopeLoa;
		};
/* End PBXContainerItemProxy section */

/* Begin PBXCopyFilesBuildPhase section */
		9B304CE41DC2BFA30044D411 /* Embed Frameworks */ = {
			isa = PBXCopyFilesBuildPhase;
			buildActionMask = 2147483647;
			dstPath = "";
			dstSubfolderSpec = 10;
			files = (
				9B9D7D1A1DC2F077004F7EC3 /* AWSCognito.framework in Embed Frameworks */,
				9B9D7D1C1DC2F077004F7EC3 /* AWSCognitoIdentityProvider.framework in Embed Frameworks */,
				9B9D7D1E1DC2F077004F7EC3 /* AWSDynamoDB.framework in Embed Frameworks */,
				9B304CE71DC2C0500044D411 /* AWSCore.framework in Embed Frameworks */,
				9B9D7D211DC2F0CA004F7EC3 /* AWSS3.framework in Embed Frameworks */,
			);
			name = "Embed Frameworks";
			runOnlyForDeploymentPostprocessing = 0;
		};
/* End PBXCopyFilesBuildPhase section */

/* Begin PBXFileReference section */
		9B0852AA1DC274B10097B081 /* opencv2.framework */ = {isa = PBXFileReference; lastKnownFileType = wrapper.framework; name = opencv2.framework; path = ../../opencv2.framework; sourceTree = "<group>"; };
		9B0C49D51B42E2AC007AF237 /* DiskSpaceManager.h */ = {isa = PBXFileReference; fileEncoding = 4; lastKnownFileType = sourcecode.c.h; path = DiskSpaceManager.h; sourceTree = "<group>"; };
		9B0C49D61B42E2AC007AF237 /* DiskSpaceManager.m */ = {isa = PBXFileReference; fileEncoding = 4; lastKnownFileType = sourcecode.c.objc; path = DiskSpaceManager.m; sourceTree = "<group>"; };
		9B0C49D81B49D27D007AF237 /* fr */ = {isa = PBXFileReference; lastKnownFileType = text.plist.strings; name = fr; path = fr.lproj/Main.strings; sourceTree = "<group>"; };
		9B0C49D91B49D27D007AF237 /* fr */ = {isa = PBXFileReference; lastKnownFileType = text.plist.strings; name = fr; path = fr.lproj/LaunchScreen.strings; sourceTree = "<group>"; };
		9B0C49DA1B49D27D007AF237 /* fr */ = {isa = PBXFileReference; lastKnownFileType = text.plist.strings; name = fr; path = fr.lproj/Localizable.strings; sourceTree = "<group>"; };
		9B0C92361B05801B008F70E3 /* FrameBuffer.h */ = {isa = PBXFileReference; fileEncoding = 4; lastKnownFileType = sourcecode.c.h; name = FrameBuffer.h; path = CellScopeLoa/FrameBuffer.h; sourceTree = "<group>"; };
		9B0C92371B05801B008F70E3 /* FrameBuffer.mm */ = {isa = PBXFileReference; fileEncoding = 4; lastKnownFileType = sourcecode.cpp.objcpp; name = FrameBuffer.mm; path = CellScopeLoa/FrameBuffer.mm; sourceTree = "<group>"; };
		9B0C923B1B058055008F70E3 /* UIImage+OpenCV.h */ = {isa = PBXFileReference; fileEncoding = 4; lastKnownFileType = sourcecode.c.h; path = "UIImage+OpenCV.h"; sourceTree = "<group>"; };
		9B0C923C1B058055008F70E3 /* UIImage+OpenCV.mm */ = {isa = PBXFileReference; fileEncoding = 4; lastKnownFileType = sourcecode.cpp.objcpp; path = "UIImage+OpenCV.mm"; sourceTree = "<group>"; };
		9B0C92401B0584F4008F70E3 /* CellScopeLoa-Prefix.pch */ = {isa = PBXFileReference; lastKnownFileType = sourcecode.c.h; path = "CellScopeLoa-Prefix.pch"; sourceTree = "<group>"; };
		9B0C92441B05899B008F70E3 /* MotionAnalysis.h */ = {isa = PBXFileReference; fileEncoding = 4; lastKnownFileType = sourcecode.c.h; path = MotionAnalysis.h; sourceTree = "<group>"; };
		9B0C92451B05899B008F70E3 /* MotionAnalysis.mm */ = {isa = PBXFileReference; fileEncoding = 4; lastKnownFileType = sourcecode.cpp.objcpp; path = MotionAnalysis.mm; sourceTree = "<group>"; };
		9B13268D1B03B64800FB694B /* WhiteBalanceViewController.h */ = {isa = PBXFileReference; fileEncoding = 4; lastKnownFileType = sourcecode.c.h; path = WhiteBalanceViewController.h; sourceTree = "<group>"; };
		9B13268E1B03B64800FB694B /* WhiteBalanceViewController.m */ = {isa = PBXFileReference; fileEncoding = 4; lastKnownFileType = sourcecode.c.objc; path = WhiteBalanceViewController.m; sourceTree = "<group>"; };
		9B1326901B03BB7100FB694B /* ExposureISOViewController.h */ = {isa = PBXFileReference; fileEncoding = 4; lastKnownFileType = sourcecode.c.h; path = ExposureISOViewController.h; sourceTree = "<group>"; };
		9B1326911B03BB7100FB694B /* ExposureISOViewController.m */ = {isa = PBXFileReference; fileEncoding = 4; lastKnownFileType = sourcecode.c.objc; path = ExposureISOViewController.m; sourceTree = "<group>"; };
		9B1326931B03D00600FB694B /* CameraDispatcher.h */ = {isa = PBXFileReference; fileEncoding = 4; lastKnownFileType = sourcecode.c.h; path = CameraDispatcher.h; sourceTree = "<group>"; };
		9B1326941B03D00600FB694B /* CameraDispatcher.m */ = {isa = PBXFileReference; fileEncoding = 4; lastKnownFileType = sourcecode.c.objc; path = CameraDispatcher.m; sourceTree = "<group>"; };
		9B2209EB1B1B813800093516 /* TestRecordViewController.h */ = {isa = PBXFileReference; fileEncoding = 4; lastKnownFileType = sourcecode.c.h; path = TestRecordViewController.h; sourceTree = "<group>"; };
		9B2209EC1B1B813800093516 /* TestRecordViewController.m */ = {isa = PBXFileReference; fileEncoding = 4; lastKnownFileType = sourcecode.c.objc; path = TestRecordViewController.m; sourceTree = "<group>"; };
		9B2209F41B1B8E3900093516 /* MotionObject.h */ = {isa = PBXFileReference; fileEncoding = 4; lastKnownFileType = sourcecode.c.h; path = MotionObject.h; sourceTree = "<group>"; };
		9B2209F51B1B8E3900093516 /* MotionObject.m */ = {isa = PBXFileReference; fileEncoding = 4; lastKnownFileType = sourcecode.c.objc; path = MotionObject.m; sourceTree = "<group>"; };
		9B2209F71B1B966E00093516 /* VideosViewController.h */ = {isa = PBXFileReference; fileEncoding = 4; lastKnownFileType = sourcecode.c.h; path = VideosViewController.h; sourceTree = "<group>"; };
		9B2209F81B1B966E00093516 /* VideosViewController.m */ = {isa = PBXFileReference; fileEncoding = 4; lastKnownFileType = sourcecode.c.objc; path = VideosViewController.m; sourceTree = "<group>"; };
		9B2209FA1B1BB4F400093516 /* ImageScrollView.h */ = {isa = PBXFileReference; fileEncoding = 4; lastKnownFileType = sourcecode.c.h; path = ImageScrollView.h; sourceTree = "<group>"; };
		9B2209FB1B1BB4F400093516 /* ImageScrollView.m */ = {isa = PBXFileReference; fileEncoding = 4; lastKnownFileType = sourcecode.c.objc; path = ImageScrollView.m; sourceTree = "<group>"; };
		9B304CE51DC2C0500044D411 /* AWSCore.framework */ = {isa = PBXFileReference; lastKnownFileType = wrapper.framework; name = AWSCore.framework; path = ../Carthage/Build/iOS/AWSCore.framework; sourceTree = "<group>"; };
		9B3B93B51AFE7F7F00C391CC /* CellScopeLoa.app */ = {isa = PBXFileReference; explicitFileType = wrapper.application; includeInIndex = 0; path = CellScopeLoa.app; sourceTree = BUILT_PRODUCTS_DIR; };
		9B3B93B91AFE7F7F00C391CC /* Info.plist */ = {isa = PBXFileReference; lastKnownFileType = text.plist.xml; path = Info.plist; sourceTree = "<group>"; };
		9B3B93BA1AFE7F7F00C391CC /* main.m */ = {isa = PBXFileReference; lastKnownFileType = sourcecode.c.objc; path = main.m; sourceTree = "<group>"; };
		9B3B93BC1AFE7F7F00C391CC /* LoaAppDelegate.h */ = {isa = PBXFileReference; lastKnownFileType = sourcecode.c.h; path = LoaAppDelegate.h; sourceTree = "<group>"; };
		9B3B93BD1AFE7F7F00C391CC /* LoaAppDelegate.m */ = {isa = PBXFileReference; lastKnownFileType = sourcecode.c.objc; path = LoaAppDelegate.m; sourceTree = "<group>"; };
		9B3B93C61AFE7F7F00C391CC /* Base */ = {isa = PBXFileReference; lastKnownFileType = file.storyboard; name = Base; path = Base.lproj/Main.storyboard; sourceTree = "<group>"; };
		9B3B93C81AFE7F7F00C391CC /* Images.xcassets */ = {isa = PBXFileReference; lastKnownFileType = folder.assetcatalog; path = Images.xcassets; sourceTree = "<group>"; };
		9B3B93CB1AFE7F7F00C391CC /* Base */ = {isa = PBXFileReference; lastKnownFileType = file.xib; name = Base; path = Base.lproj/LaunchScreen.xib; sourceTree = "<group>"; };
		9B3B93D11AFE7F7F00C391CC /* CellScopeLoaTests.xctest */ = {isa = PBXFileReference; explicitFileType = wrapper.cfbundle; includeInIndex = 0; path = CellScopeLoaTests.xctest; sourceTree = BUILT_PRODUCTS_DIR; };
		9B3B93D61AFE7F7F00C391CC /* Info.plist */ = {isa = PBXFileReference; lastKnownFileType = text.plist.xml; path = Info.plist; sourceTree = "<group>"; };
		9B3B93D71AFE7F7F00C391CC /* CellScopeLoaTests.m */ = {isa = PBXFileReference; lastKnownFileType = sourcecode.c.objc; path = CellScopeLoaTests.m; sourceTree = "<group>"; };
		9B3B93E21AFE804E00C391CC /* Bolts.framework */ = {isa = PBXFileReference; lastKnownFileType = wrapper.framework; path = Bolts.framework; sourceTree = "<group>"; };
		9B3B93E61AFE807A00C391CC /* AudioToolbox.framework */ = {isa = PBXFileReference; lastKnownFileType = wrapper.framework; name = AudioToolbox.framework; path = System/Library/Frameworks/AudioToolbox.framework; sourceTree = SDKROOT; };
		9B3B93E81AFE807F00C391CC /* CFNetwork.framework */ = {isa = PBXFileReference; lastKnownFileType = wrapper.framework; name = CFNetwork.framework; path = System/Library/Frameworks/CFNetwork.framework; sourceTree = SDKROOT; };
		9B3B93EA1AFE808400C391CC /* CoreGraphics.framework */ = {isa = PBXFileReference; lastKnownFileType = wrapper.framework; name = CoreGraphics.framework; path = System/Library/Frameworks/CoreGraphics.framework; sourceTree = SDKROOT; };
		9B3B93EC1AFE808900C391CC /* CoreLocation.framework */ = {isa = PBXFileReference; lastKnownFileType = wrapper.framework; name = CoreLocation.framework; path = System/Library/Frameworks/CoreLocation.framework; sourceTree = SDKROOT; };
		9B3B93EE1AFE808F00C391CC /* MobileCoreServices.framework */ = {isa = PBXFileReference; lastKnownFileType = wrapper.framework; name = MobileCoreServices.framework; path = System/Library/Frameworks/MobileCoreServices.framework; sourceTree = SDKROOT; };
		9B3B93F01AFE809300C391CC /* QuartzCore.framework */ = {isa = PBXFileReference; lastKnownFileType = wrapper.framework; name = QuartzCore.framework; path = System/Library/Frameworks/QuartzCore.framework; sourceTree = SDKROOT; };
		9B3B93F21AFE809900C391CC /* Security.framework */ = {isa = PBXFileReference; lastKnownFileType = wrapper.framework; name = Security.framework; path = System/Library/Frameworks/Security.framework; sourceTree = SDKROOT; };
		9B3B93F41AFE809E00C391CC /* StoreKit.framework */ = {isa = PBXFileReference; lastKnownFileType = wrapper.framework; name = StoreKit.framework; path = System/Library/Frameworks/StoreKit.framework; sourceTree = SDKROOT; };
		9B3B93F61AFE80A500C391CC /* SystemConfiguration.framework */ = {isa = PBXFileReference; lastKnownFileType = wrapper.framework; name = SystemConfiguration.framework; path = System/Library/Frameworks/SystemConfiguration.framework; sourceTree = SDKROOT; };
		9B3B93FF1AFE87F100C391CC /* MenuTableViewController.h */ = {isa = PBXFileReference; fileEncoding = 4; lastKnownFileType = sourcecode.c.h; path = MenuTableViewController.h; sourceTree = "<group>"; };
		9B3B94001AFE87F100C391CC /* MenuTableViewController.m */ = {isa = PBXFileReference; fileEncoding = 4; lastKnownFileType = sourcecode.c.objc; path = MenuTableViewController.m; sourceTree = "<group>"; };
		9B3B94021AFE8B1900C391CC /* BarcodeIDViewController.h */ = {isa = PBXFileReference; fileEncoding = 4; lastKnownFileType = sourcecode.c.h; path = BarcodeIDViewController.h; sourceTree = "<group>"; };
		9B3B94031AFE8B1900C391CC /* BarcodeIDViewController.m */ = {isa = PBXFileReference; fileEncoding = 4; lastKnownFileType = sourcecode.c.objc; lineEnding = 0; path = BarcodeIDViewController.m; sourceTree = "<group>"; xcLanguageSpecificationIdentifier = xcode.lang.objc; };
		9B3B94081AFE980B00C391CC /* ManualIDViewController.h */ = {isa = PBXFileReference; fileEncoding = 4; lastKnownFileType = sourcecode.c.h; path = ManualIDViewController.h; sourceTree = "<group>"; };
		9B3B94091AFE980B00C391CC /* ManualIDViewController.m */ = {isa = PBXFileReference; fileEncoding = 4; lastKnownFileType = sourcecode.c.objc; path = ManualIDViewController.m; sourceTree = "<group>"; };
		9B3B940B1AFEA11900C391CC /* TestViewController.h */ = {isa = PBXFileReference; fileEncoding = 4; lastKnownFileType = sourcecode.c.h; path = TestViewController.h; sourceTree = "<group>"; };
		9B3B940C1AFEA11900C391CC /* TestViewController.m */ = {isa = PBXFileReference; fileEncoding = 4; lastKnownFileType = sourcecode.c.objc; path = TestViewController.m; sourceTree = "<group>"; };
		9B3B940E1AFEA25900C391CC /* CaptureViewController.h */ = {isa = PBXFileReference; fileEncoding = 4; lastKnownFileType = sourcecode.c.h; path = CaptureViewController.h; sourceTree = "<group>"; };
		9B3B940F1AFEA25900C391CC /* CaptureViewController.m */ = {isa = PBXFileReference; fileEncoding = 4; lastKnownFileType = sourcecode.c.objc; path = CaptureViewController.m; sourceTree = "<group>"; };
		9B4792441B0D93E400460CA3 /* DataTableViewController.h */ = {isa = PBXFileReference; fileEncoding = 4; lastKnownFileType = sourcecode.c.h; path = DataTableViewController.h; sourceTree = "<group>"; };
		9B4792451B0D93E400460CA3 /* DataTableViewController.m */ = {isa = PBXFileReference; fileEncoding = 4; lastKnownFileType = sourcecode.c.objc; path = DataTableViewController.m; sourceTree = "<group>"; };
		9B6AF25E1B503A38005552A7 /* Video.h */ = {isa = PBXFileReference; fileEncoding = 4; lastKnownFileType = sourcecode.c.h; path = Video.h; sourceTree = "<group>"; };
		9B6AF25F1B503A38005552A7 /* Video.m */ = {isa = PBXFileReference; fileEncoding = 4; lastKnownFileType = sourcecode.c.objc; path = Video.m; sourceTree = "<group>"; };
		9B7DCEA01DAFFC2C006C3200 /* Parse.framework */ = {isa = PBXFileReference; lastKnownFileType = wrapper.framework; name = Parse.framework; path = ../../../../../../Volumes/Storage/Dropbox/Projects/Parse.framework; sourceTree = "<group>"; };
		9B8418281AFEC662008DBA7B /* BluetoothScanner.h */ = {isa = PBXFileReference; fileEncoding = 4; lastKnownFileType = sourcecode.c.h; path = BluetoothScanner.h; sourceTree = "<group>"; };
		9B84182A1AFEC7CE008DBA7B /* BluetoothBoard.h */ = {isa = PBXFileReference; fileEncoding = 4; lastKnownFileType = sourcecode.c.h; path = BluetoothBoard.h; sourceTree = "<group>"; };
		9B84182C1AFEC839008DBA7B /* TextBluetoothScanner.h */ = {isa = PBXFileReference; fileEncoding = 4; lastKnownFileType = sourcecode.c.h; path = TextBluetoothScanner.h; sourceTree = "<group>"; };
		9B84182D1AFEC839008DBA7B /* TextBluetoothScanner.m */ = {isa = PBXFileReference; fileEncoding = 4; lastKnownFileType = sourcecode.c.objc; path = TextBluetoothScanner.m; sourceTree = "<group>"; };
		9B8418321AFEC97A008DBA7B /* DeviceTableViewController.h */ = {isa = PBXFileReference; fileEncoding = 4; lastKnownFileType = sourcecode.c.h; path = DeviceTableViewController.h; sourceTree = "<group>"; };
		9B8418331AFEC97A008DBA7B /* DeviceTableViewController.m */ = {isa = PBXFileReference; fileEncoding = 4; lastKnownFileType = sourcecode.c.objc; path = DeviceTableViewController.m; sourceTree = "<group>"; };
		9B8418351AFFD9D1008DBA7B /* LLCamera.h */ = {isa = PBXFileReference; fileEncoding = 4; lastKnownFileType = sourcecode.c.h; path = LLCamera.h; sourceTree = "<group>"; };
		9B8418361AFFD9D1008DBA7B /* LLCamera.m */ = {isa = PBXFileReference; fileEncoding = 4; lastKnownFileType = sourcecode.c.objc; path = LLCamera.m; sourceTree = "<group>"; };
		9B8418391AFFEFCA008DBA7B /* BLE.h */ = {isa = PBXFileReference; fileEncoding = 4; lastKnownFileType = sourcecode.c.h; name = BLE.h; path = ../../../../Dropbox/Projects/BLE/BLE.h; sourceTree = "<group>"; };
		9B84183A1AFFEFCA008DBA7B /* BLE.m */ = {isa = PBXFileReference; fileEncoding = 4; lastKnownFileType = sourcecode.c.objc; name = BLE.m; path = ../../../../Dropbox/Projects/BLE/BLE.m; sourceTree = "<group>"; };
		9B84183B1AFFEFCA008DBA7B /* BLEDefines.h */ = {isa = PBXFileReference; fileEncoding = 4; lastKnownFileType = sourcecode.c.h; name = BLEDefines.h; path = ../../../../Dropbox/Projects/BLE/BLEDefines.h; sourceTree = "<group>"; };
		9B84183D1AFFF068008DBA7B /* BLEManager.h */ = {isa = PBXFileReference; fileEncoding = 4; lastKnownFileType = sourcecode.c.h; path = BLEManager.h; sourceTree = "<group>"; };
		9B84183E1AFFF068008DBA7B /* BLEManager.m */ = {isa = PBXFileReference; fileEncoding = 4; lastKnownFileType = sourcecode.c.objc; path = BLEManager.m; sourceTree = "<group>"; };
		9B8418401AFFF10B008DBA7B /* constants.h */ = {isa = PBXFileReference; lastKnownFileType = sourcecode.c.h; path = constants.h; sourceTree = "<group>"; };
		9B8418411AFFF12D008DBA7B /* constants.m */ = {isa = PBXFileReference; fileEncoding = 4; lastKnownFileType = sourcecode.c.objc; path = constants.m; sourceTree = "<group>"; };
		9B8418431B000D71008DBA7B /* DeviceManagerViewController.h */ = {isa = PBXFileReference; fileEncoding = 4; lastKnownFileType = sourcecode.c.h; path = DeviceManagerViewController.h; sourceTree = "<group>"; };
		9B8418441B000D71008DBA7B /* DeviceManagerViewController.m */ = {isa = PBXFileReference; fileEncoding = 4; lastKnownFileType = sourcecode.c.objc; path = DeviceManagerViewController.m; sourceTree = "<group>"; };
		9B8418471B0024C4008DBA7B /* Model.xcdatamodel */ = {isa = PBXFileReference; lastKnownFileType = wrapper.xcdatamodel; path = Model.xcdatamodel; sourceTree = "<group>"; };
		9B8418581B0032D9008DBA7B /* CSLContext.h */ = {isa = PBXFileReference; fileEncoding = 4; lastKnownFileType = sourcecode.c.h; path = CSLContext.h; sourceTree = "<group>"; };
		9B8418591B0032D9008DBA7B /* CSLContext.m */ = {isa = PBXFileReference; fileEncoding = 4; lastKnownFileType = sourcecode.c.objc; path = CSLContext.m; sourceTree = "<group>"; };
		9B84185B1B00390F008DBA7B /* AdSupport.framework */ = {isa = PBXFileReference; lastKnownFileType = wrapper.framework; name = AdSupport.framework; path = System/Library/Frameworks/AdSupport.framework; sourceTree = SDKROOT; };
		9B84186B1B01201E008DBA7B /* SettingsPasswordViewController.h */ = {isa = PBXFileReference; fileEncoding = 4; lastKnownFileType = sourcecode.c.h; path = SettingsPasswordViewController.h; sourceTree = "<group>"; };
		9B84186C1B01201E008DBA7B /* SettingsPasswordViewController.m */ = {isa = PBXFileReference; fileEncoding = 4; lastKnownFileType = sourcecode.c.objc; path = SettingsPasswordViewController.m; sourceTree = "<group>"; };
		9B84186E1B01239D008DBA7B /* SettingsTableViewController.h */ = {isa = PBXFileReference; fileEncoding = 4; lastKnownFileType = sourcecode.c.h; path = SettingsTableViewController.h; sourceTree = "<group>"; };
		9B84186F1B01239D008DBA7B /* SettingsTableViewController.m */ = {isa = PBXFileReference; fileEncoding = 4; lastKnownFileType = sourcecode.c.objc; path = SettingsTableViewController.m; sourceTree = "<group>"; };
		9B89B9AA1DC6AE6500EFD2DD /* DynamoVideo.h */ = {isa = PBXFileReference; fileEncoding = 4; lastKnownFileType = sourcecode.c.h; path = DynamoVideo.h; sourceTree = "<group>"; };
		9B89B9AB1DC6AE6500EFD2DD /* DynamoVideo.m */ = {isa = PBXFileReference; fileEncoding = 4; lastKnownFileType = sourcecode.c.objc; path = DynamoVideo.m; sourceTree = "<group>"; };
		9B9D7D161DC2F077004F7EC3 /* AWSCognito.framework */ = {isa = PBXFileReference; lastKnownFileType = wrapper.framework; name = AWSCognito.framework; path = ../Carthage/Build/iOS/AWSCognito.framework; sourceTree = "<group>"; };
		9B9D7D171DC2F077004F7EC3 /* AWSCognitoIdentityProvider.framework */ = {isa = PBXFileReference; lastKnownFileType = wrapper.framework; name = AWSCognitoIdentityProvider.framework; path = ../Carthage/Build/iOS/AWSCognitoIdentityProvider.framework; sourceTree = "<group>"; };
		9B9D7D181DC2F077004F7EC3 /* AWSDynamoDB.framework */ = {isa = PBXFileReference; lastKnownFileType = wrapper.framework; name = AWSDynamoDB.framework; path = ../Carthage/Build/iOS/AWSDynamoDB.framework; sourceTree = "<group>"; };
		9B9D7D1F1DC2F0CA004F7EC3 /* AWSS3.framework */ = {isa = PBXFileReference; lastKnownFileType = wrapper.framework; name = AWSS3.framework; path = Carthage/Build/iOS/AWSS3.framework; sourceTree = "<group>"; };
		9B9D7D221DC2FA37004F7EC3 /* DynamoTestRecord.h */ = {isa = PBXFileReference; fileEncoding = 4; lastKnownFileType = sourcecode.c.h; path = DynamoTestRecord.h; sourceTree = "<group>"; };
		9B9D7D231DC2FA37004F7EC3 /* DynamoTestRecord.m */ = {isa = PBXFileReference; fileEncoding = 4; lastKnownFileType = sourcecode.c.objc; path = DynamoTestRecord.m; sourceTree = "<group>"; };
		9B9D7D251DC2FC66004F7EC3 /* DynamoDataAdaptor.h */ = {isa = PBXFileReference; fileEncoding = 4; lastKnownFileType = sourcecode.c.h; path = DynamoDataAdaptor.h; sourceTree = "<group>"; };
		9B9D7D261DC2FC66004F7EC3 /* DynamoDataAdaptor.m */ = {isa = PBXFileReference; fileEncoding = 4; lastKnownFileType = sourcecode.c.objc; path = DynamoDataAdaptor.m; sourceTree = "<group>"; };
		9BA882E61DC275BE008C00B3 /* opencv2.framework */ = {isa = PBXFileReference; lastKnownFileType = wrapper.framework; path = opencv2.framework; sourceTree = SOURCE_ROOT; };
		9BAFD6D71B06A489001DC361 /* TestValidation.h */ = {isa = PBXFileReference; fileEncoding = 4; lastKnownFileType = sourcecode.c.h; path = TestValidation.h; sourceTree = "<group>"; };
		9BAFD6D81B06A489001DC361 /* TestValidation.m */ = {isa = PBXFileReference; fileEncoding = 4; lastKnownFileType = sourcecode.c.objc; path = TestValidation.m; sourceTree = "<group>"; };
		9BAFD6DD1B06AB12001DC361 /* ValidResultsViewController.h */ = {isa = PBXFileReference; fileEncoding = 4; lastKnownFileType = sourcecode.c.h; name = ValidResultsViewController.h; path = ../ValidResultsViewController.h; sourceTree = "<group>"; };
		9BAFD6DE1B06AB12001DC361 /* ValidResultsViewController.m */ = {isa = PBXFileReference; fileEncoding = 4; lastKnownFileType = sourcecode.c.objc; name = ValidResultsViewController.m; path = ../ValidResultsViewController.m; sourceTree = "<group>"; };
		9BAFD6E01B09148F001DC361 /* BluetoothLoaDevice.h */ = {isa = PBXFileReference; fileEncoding = 4; lastKnownFileType = sourcecode.c.h; name = BluetoothLoaDevice.h; path = CellScopeLoa/BluetoothLoaDevice.h; sourceTree = "<group>"; };
		9BAFD6E11B09148F001DC361 /* BluetoothLoaDevice.m */ = {isa = PBXFileReference; fileEncoding = 4; lastKnownFileType = sourcecode.c.objc; name = BluetoothLoaDevice.m; path = CellScopeLoa/BluetoothLoaDevice.m; sourceTree = "<group>"; };
		9BAFD6E61B0934BF001DC361 /* Base */ = {isa = PBXFileReference; lastKnownFileType = text.plist.strings; name = Base; path = Base.lproj/Localizable.strings; sourceTree = "<group>"; };
		9BAFD6EE1B093C0C001DC361 /* InvalidResultsViewController.h */ = {isa = PBXFileReference; fileEncoding = 4; lastKnownFileType = sourcecode.c.h; path = InvalidResultsViewController.h; sourceTree = "<group>"; };
		9BAFD6EF1B093C0C001DC361 /* InvalidResultsViewController.m */ = {isa = PBXFileReference; fileEncoding = 4; lastKnownFileType = sourcecode.c.objc; path = InvalidResultsViewController.m; sourceTree = "<group>"; };
		9BAFD6F11B099B82001DC361 /* ParseDataAdaptor.h */ = {isa = PBXFileReference; fileEncoding = 4; lastKnownFileType = sourcecode.c.h; path = ParseDataAdaptor.h; sourceTree = "<group>"; };
		9BAFD6F21B099B82001DC361 /* ParseDataAdaptor.m */ = {isa = PBXFileReference; fileEncoding = 4; lastKnownFileType = sourcecode.c.objc; path = ParseDataAdaptor.m; sourceTree = "<group>"; };
		9BAFD6F41B09A0F4001DC361 /* CloudSyncViewController.h */ = {isa = PBXFileReference; fileEncoding = 4; lastKnownFileType = sourcecode.c.h; path = CloudSyncViewController.h; sourceTree = "<group>"; };
		9BAFD6F51B09A0F4001DC361 /* CloudSyncViewController.m */ = {isa = PBXFileReference; fileEncoding = 4; lastKnownFileType = sourcecode.c.objc; path = CloudSyncViewController.m; sourceTree = "<group>"; };
		9BAFD6F71B0C3427001DC361 /* AugmentedMotionScopeViewController.h */ = {isa = PBXFileReference; fileEncoding = 4; lastKnownFileType = sourcecode.c.h; path = AugmentedMotionScopeViewController.h; sourceTree = "<group>"; };
		9BAFD6F81B0C3427001DC361 /* AugmentedMotionScopeViewController.m */ = {isa = PBXFileReference; fileEncoding = 4; lastKnownFileType = sourcecode.c.objc; path = AugmentedMotionScopeViewController.m; sourceTree = "<group>"; };
		9BFF5B871B4C75C000831E7E /* TestRecord.h */ = {isa = PBXFileReference; fileEncoding = 4; lastKnownFileType = sourcecode.c.h; path = TestRecord.h; sourceTree = "<group>"; };
		9BFF5B881B4C75C000831E7E /* TestRecord.m */ = {isa = PBXFileReference; fileEncoding = 4; lastKnownFileType = sourcecode.c.objc; path = TestRecord.m; sourceTree = "<group>"; };
		9BFF5B901B4DC1D800831E7E /* CapillaryRecord.h */ = {isa = PBXFileReference; fileEncoding = 4; lastKnownFileType = sourcecode.c.h; path = CapillaryRecord.h; sourceTree = "<group>"; };
		9BFF5B911B4DC1D800831E7E /* CapillaryRecord.m */ = {isa = PBXFileReference; fileEncoding = 4; lastKnownFileType = sourcecode.c.objc; path = CapillaryRecord.m; sourceTree = "<group>"; };
		BC294E012F67165C8EDB74FA /* Pods-CellScopeLoa.debug.xcconfig */ = {isa = PBXFileReference; includeInIndex = 1; lastKnownFileType = text.xcconfig; name = "Pods-CellScopeLoa.debug.xcconfig"; path = "Pods/Target Support Files/Pods-CellScopeLoa/Pods-CellScopeLoa.debug.xcconfig"; sourceTree = "<group>"; };
		D44BB2C89EBD4529FBCF6C36 /* Pods-CellScopeLoa.release.xcconfig */ = {isa = PBXFileReference; includeInIndex = 1; lastKnownFileType = text.xcconfig; name = "Pods-CellScopeLoa.release.xcconfig"; path = "Pods/Target Support Files/Pods-CellScopeLoa/Pods-CellScopeLoa.release.xcconfig"; sourceTree = "<group>"; };
/* End PBXFileReference section */

/* Begin PBXFrameworksBuildPhase section */
		9B3B93B21AFE7F7F00C391CC /* Frameworks */ = {
			isa = PBXFrameworksBuildPhase;
			buildActionMask = 2147483647;
			files = (
				9B9D7D1D1DC2F077004F7EC3 /* AWSDynamoDB.framework in Frameworks */,
				9BA882E71DC275BE008C00B3 /* opencv2.framework in Frameworks */,
				9B9D7D201DC2F0CA004F7EC3 /* AWSS3.framework in Frameworks */,
				9B304CE61DC2C0500044D411 /* AWSCore.framework in Frameworks */,
				9B84185C1B00390F008DBA7B /* AdSupport.framework in Frameworks */,
				9B9D7D1B1DC2F077004F7EC3 /* AWSCognitoIdentityProvider.framework in Frameworks */,
				9B3B93F71AFE80A500C391CC /* SystemConfiguration.framework in Frameworks */,
				9B3B93F51AFE809E00C391CC /* StoreKit.framework in Frameworks */,
				9B3B93F31AFE809900C391CC /* Security.framework in Frameworks */,
				9B3B93F11AFE809300C391CC /* QuartzCore.framework in Frameworks */,
				9B7DCEA11DAFFC2C006C3200 /* Parse.framework in Frameworks */,
				9B3B93EF1AFE808F00C391CC /* MobileCoreServices.framework in Frameworks */,
				9B9D7D191DC2F077004F7EC3 /* AWSCognito.framework in Frameworks */,
				9B3B93ED1AFE808900C391CC /* CoreLocation.framework in Frameworks */,
				9B3B93EB1AFE808400C391CC /* CoreGraphics.framework in Frameworks */,
				9B3B93E91AFE807F00C391CC /* CFNetwork.framework in Frameworks */,
				9B3B93E71AFE807A00C391CC /* AudioToolbox.framework in Frameworks */,
				9B3B93E41AFE804E00C391CC /* Bolts.framework in Frameworks */,
			);
			runOnlyForDeploymentPostprocessing = 0;
		};
		9B3B93CE1AFE7F7F00C391CC /* Frameworks */ = {
			isa = PBXFrameworksBuildPhase;
			buildActionMask = 2147483647;
			files = (
			);
			runOnlyForDeploymentPostprocessing = 0;
		};
/* End PBXFrameworksBuildPhase section */

/* Begin PBXGroup section */
		9B3B93AC1AFE7F7F00C391CC = {
			isa = PBXGroup;
			children = (
				9B9D7D1F1DC2F0CA004F7EC3 /* AWSS3.framework */,
				9BAFD6E01B09148F001DC361 /* BluetoothLoaDevice.h */,
				9BAFD6E11B09148F001DC361 /* BluetoothLoaDevice.m */,
				9B0C92441B05899B008F70E3 /* MotionAnalysis.h */,
				9B0C92451B05899B008F70E3 /* MotionAnalysis.mm */,
				9B0C923B1B058055008F70E3 /* UIImage+OpenCV.h */,
				9B0C923C1B058055008F70E3 /* UIImage+OpenCV.mm */,
				9B0C92361B05801B008F70E3 /* FrameBuffer.h */,
				9B0C92371B05801B008F70E3 /* FrameBuffer.mm */,
				9B3B93E11AFE803A00C391CC /* Frameworks */,
				9B3B93B71AFE7F7F00C391CC /* CellScopeLoa */,
				9B3B93D41AFE7F7F00C391CC /* CellScopeLoaTests */,
				9B3B93B61AFE7F7F00C391CC /* Products */,
				F109F26C66914BF27345C094 /* Pods */,
			);
			sourceTree = "<group>";
		};
		9B3B93B61AFE7F7F00C391CC /* Products */ = {
			isa = PBXGroup;
			children = (
				9B3B93B51AFE7F7F00C391CC /* CellScopeLoa.app */,
				9B3B93D11AFE7F7F00C391CC /* CellScopeLoaTests.xctest */,
			);
			name = Products;
			sourceTree = "<group>";
		};
		9B3B93B71AFE7F7F00C391CC /* CellScopeLoa */ = {
			isa = PBXGroup;
			children = (
				9B0C49D51B42E2AC007AF237 /* DiskSpaceManager.h */,
				9B0C49D61B42E2AC007AF237 /* DiskSpaceManager.m */,
				9BAFD6F71B0C3427001DC361 /* AugmentedMotionScopeViewController.h */,
				9BAFD6F81B0C3427001DC361 /* AugmentedMotionScopeViewController.m */,
				9BAFD6DD1B06AB12001DC361 /* ValidResultsViewController.h */,
				9BAFD6DE1B06AB12001DC361 /* ValidResultsViewController.m */,
				9B8418381AFFEFBC008DBA7B /* BLE */,
				9B84182B1AFEC81F008DBA7B /* Virtual */,
				9B8418291AFEC6F2008DBA7B /* Protocol */,
				9B3B93FC1AFE816300C391CC /* CoreData */,
				9B3B93BC1AFE7F7F00C391CC /* LoaAppDelegate.h */,
				9B3B93BD1AFE7F7F00C391CC /* LoaAppDelegate.m */,
				9B3B93C51AFE7F7F00C391CC /* Main.storyboard */,
				9B3B93C81AFE7F7F00C391CC /* Images.xcassets */,
				9B3B93CA1AFE7F7F00C391CC /* LaunchScreen.xib */,
				9B3B93B81AFE7F7F00C391CC /* Supporting Files */,
				9B3B93FF1AFE87F100C391CC /* MenuTableViewController.h */,
				9B3B94001AFE87F100C391CC /* MenuTableViewController.m */,
				9B3B94021AFE8B1900C391CC /* BarcodeIDViewController.h */,
				9B3B94031AFE8B1900C391CC /* BarcodeIDViewController.m */,
				9B3B94081AFE980B00C391CC /* ManualIDViewController.h */,
				9B3B94091AFE980B00C391CC /* ManualIDViewController.m */,
				9B3B940B1AFEA11900C391CC /* TestViewController.h */,
				9B3B940C1AFEA11900C391CC /* TestViewController.m */,
				9B3B940E1AFEA25900C391CC /* CaptureViewController.h */,
				9B3B940F1AFEA25900C391CC /* CaptureViewController.m */,
				9B8418321AFEC97A008DBA7B /* DeviceTableViewController.h */,
				9B8418331AFEC97A008DBA7B /* DeviceTableViewController.m */,
				9B8418351AFFD9D1008DBA7B /* LLCamera.h */,
				9B8418361AFFD9D1008DBA7B /* LLCamera.m */,
				9B84183D1AFFF068008DBA7B /* BLEManager.h */,
				9B84183E1AFFF068008DBA7B /* BLEManager.m */,
				9B8418431B000D71008DBA7B /* DeviceManagerViewController.h */,
				9B8418441B000D71008DBA7B /* DeviceManagerViewController.m */,
				9B8418581B0032D9008DBA7B /* CSLContext.h */,
				9B8418591B0032D9008DBA7B /* CSLContext.m */,
				9B84186B1B01201E008DBA7B /* SettingsPasswordViewController.h */,
				9B84186C1B01201E008DBA7B /* SettingsPasswordViewController.m */,
				9B84186E1B01239D008DBA7B /* SettingsTableViewController.h */,
				9B84186F1B01239D008DBA7B /* SettingsTableViewController.m */,
				9B13268D1B03B64800FB694B /* WhiteBalanceViewController.h */,
				9B13268E1B03B64800FB694B /* WhiteBalanceViewController.m */,
				9B1326901B03BB7100FB694B /* ExposureISOViewController.h */,
				9B1326911B03BB7100FB694B /* ExposureISOViewController.m */,
				9B1326931B03D00600FB694B /* CameraDispatcher.h */,
				9B1326941B03D00600FB694B /* CameraDispatcher.m */,
				9BAFD6D71B06A489001DC361 /* TestValidation.h */,
				9BAFD6D81B06A489001DC361 /* TestValidation.m */,
				9BAFD6EE1B093C0C001DC361 /* InvalidResultsViewController.h */,
				9BAFD6EF1B093C0C001DC361 /* InvalidResultsViewController.m */,
				9BAFD6F11B099B82001DC361 /* ParseDataAdaptor.h */,
				9BAFD6F21B099B82001DC361 /* ParseDataAdaptor.m */,
				9B9D7D251DC2FC66004F7EC3 /* DynamoDataAdaptor.h */,
				9B9D7D261DC2FC66004F7EC3 /* DynamoDataAdaptor.m */,
				9BAFD6F41B09A0F4001DC361 /* CloudSyncViewController.h */,
				9BAFD6F51B09A0F4001DC361 /* CloudSyncViewController.m */,
				9B4792441B0D93E400460CA3 /* DataTableViewController.h */,
				9B4792451B0D93E400460CA3 /* DataTableViewController.m */,
				9B2209EB1B1B813800093516 /* TestRecordViewController.h */,
				9B2209EC1B1B813800093516 /* TestRecordViewController.m */,
				9B2209F71B1B966E00093516 /* VideosViewController.h */,
				9B2209F81B1B966E00093516 /* VideosViewController.m */,
				9B2209FA1B1BB4F400093516 /* ImageScrollView.h */,
				9B2209FB1B1BB4F400093516 /* ImageScrollView.m */,
				9B9D7D221DC2FA37004F7EC3 /* DynamoTestRecord.h */,
				9B9D7D231DC2FA37004F7EC3 /* DynamoTestRecord.m */,
				9B89B9AA1DC6AE6500EFD2DD /* DynamoVideo.h */,
				9B89B9AB1DC6AE6500EFD2DD /* DynamoVideo.m */,
			);
			path = CellScopeLoa;
			sourceTree = "<group>";
		};
		9B3B93B81AFE7F7F00C391CC /* Supporting Files */ = {
			isa = PBXGroup;
			children = (
				9B3B93B91AFE7F7F00C391CC /* Info.plist */,
				9B3B93BA1AFE7F7F00C391CC /* main.m */,
				9B8418401AFFF10B008DBA7B /* constants.h */,
				9B8418411AFFF12D008DBA7B /* constants.m */,
				9B0C92401B0584F4008F70E3 /* CellScopeLoa-Prefix.pch */,
				9BAFD6E71B0934BF001DC361 /* Localizable.strings */,
			);
			name = "Supporting Files";
			sourceTree = "<group>";
		};
		9B3B93D41AFE7F7F00C391CC /* CellScopeLoaTests */ = {
			isa = PBXGroup;
			children = (
				9B3B93D71AFE7F7F00C391CC /* CellScopeLoaTests.m */,
				9B3B93D51AFE7F7F00C391CC /* Supporting Files */,
			);
			path = CellScopeLoaTests;
			sourceTree = "<group>";
		};
		9B3B93D51AFE7F7F00C391CC /* Supporting Files */ = {
			isa = PBXGroup;
			children = (
				9B3B93D61AFE7F7F00C391CC /* Info.plist */,
			);
			name = "Supporting Files";
			sourceTree = "<group>";
		};
		9B3B93E11AFE803A00C391CC /* Frameworks */ = {
			isa = PBXGroup;
			children = (
				9B9D7D161DC2F077004F7EC3 /* AWSCognito.framework */,
				9B9D7D171DC2F077004F7EC3 /* AWSCognitoIdentityProvider.framework */,
				9B9D7D181DC2F077004F7EC3 /* AWSDynamoDB.framework */,
				9B304CE51DC2C0500044D411 /* AWSCore.framework */,
				9BA882E61DC275BE008C00B3 /* opencv2.framework */,
				9B0852AA1DC274B10097B081 /* opencv2.framework */,
				9B7DCEA01DAFFC2C006C3200 /* Parse.framework */,
				9B84185B1B00390F008DBA7B /* AdSupport.framework */,
				9B3B93F61AFE80A500C391CC /* SystemConfiguration.framework */,
				9B3B93F41AFE809E00C391CC /* StoreKit.framework */,
				9B3B93F21AFE809900C391CC /* Security.framework */,
				9B3B93F01AFE809300C391CC /* QuartzCore.framework */,
				9B3B93EE1AFE808F00C391CC /* MobileCoreServices.framework */,
				9B3B93EC1AFE808900C391CC /* CoreLocation.framework */,
				9B3B93EA1AFE808400C391CC /* CoreGraphics.framework */,
				9B3B93E81AFE807F00C391CC /* CFNetwork.framework */,
				9B3B93E61AFE807A00C391CC /* AudioToolbox.framework */,
				9B3B93E21AFE804E00C391CC /* Bolts.framework */,
			);
			name = Frameworks;
			path = CellScopeLoa;
			sourceTree = "<group>";
		};
		9B3B93FC1AFE816300C391CC /* CoreData */ = {
			isa = PBXGroup;
			children = (
				9BFF5B901B4DC1D800831E7E /* CapillaryRecord.h */,
				9BFF5B911B4DC1D800831E7E /* CapillaryRecord.m */,
				9B8418461B0024C4008DBA7B /* Model.xcdatamodeld */,
				9B6AF25E1B503A38005552A7 /* Video.h */,
				9B6AF25F1B503A38005552A7 /* Video.m */,
				9BFF5B871B4C75C000831E7E /* TestRecord.h */,
				9BFF5B881B4C75C000831E7E /* TestRecord.m */,
				9B2209F41B1B8E3900093516 /* MotionObject.h */,
				9B2209F51B1B8E3900093516 /* MotionObject.m */,
			);
			name = CoreData;
			sourceTree = "<group>";
		};
		9B8418291AFEC6F2008DBA7B /* Protocol */ = {
			isa = PBXGroup;
			children = (
				9B8418281AFEC662008DBA7B /* BluetoothScanner.h */,
				9B84182A1AFEC7CE008DBA7B /* BluetoothBoard.h */,
			);
			name = Protocol;
			sourceTree = "<group>";
		};
		9B84182B1AFEC81F008DBA7B /* Virtual */ = {
			isa = PBXGroup;
			children = (
				9B84182C1AFEC839008DBA7B /* TextBluetoothScanner.h */,
				9B84182D1AFEC839008DBA7B /* TextBluetoothScanner.m */,
			);
			name = Virtual;
			sourceTree = "<group>";
		};
		9B8418381AFFEFBC008DBA7B /* BLE */ = {
			isa = PBXGroup;
			children = (
				9B8418391AFFEFCA008DBA7B /* BLE.h */,
				9B84183A1AFFEFCA008DBA7B /* BLE.m */,
				9B84183B1AFFEFCA008DBA7B /* BLEDefines.h */,
			);
			name = BLE;
			sourceTree = "<group>";
		};
		F109F26C66914BF27345C094 /* Pods */ = {
			isa = PBXGroup;
			children = (
				BC294E012F67165C8EDB74FA /* Pods-CellScopeLoa.debug.xcconfig */,
				D44BB2C89EBD4529FBCF6C36 /* Pods-CellScopeLoa.release.xcconfig */,
			);
			name = Pods;
			sourceTree = "<group>";
		};
/* End PBXGroup section */

/* Begin PBXNativeTarget section */
		9B3B93B41AFE7F7F00C391CC /* CellScopeLoa */ = {
			isa = PBXNativeTarget;
			buildConfigurationList = 9B3B93DB1AFE7F7F00C391CC /* Build configuration list for PBXNativeTarget "CellScopeLoa" */;
			buildPhases = (
				BA75D8D7397FD39B8EF44966 /* [CP] Check Pods Manifest.lock */,
				9B3B93B11AFE7F7F00C391CC /* Sources */,
				9B3B93B21AFE7F7F00C391CC /* Frameworks */,
				9B3B93B31AFE7F7F00C391CC /* Resources */,
				BBDC39CF37CE39AADFA66389 /* [CP] Embed Pods Frameworks */,
				BF12CAE5611C8BDC77B57333 /* [CP] Copy Pods Resources */,
				9B304CE41DC2BFA30044D411 /* Embed Frameworks */,
			);
			buildRules = (
			);
			dependencies = (
			);
			name = CellScopeLoa;
			productName = CellScopeLoa;
			productReference = 9B3B93B51AFE7F7F00C391CC /* CellScopeLoa.app */;
			productType = "com.apple.product-type.application";
		};
		9B3B93D01AFE7F7F00C391CC /* CellScopeLoaTests */ = {
			isa = PBXNativeTarget;
			buildConfigurationList = 9B3B93DE1AFE7F7F00C391CC /* Build configuration list for PBXNativeTarget "CellScopeLoaTests" */;
			buildPhases = (
				9B3B93CD1AFE7F7F00C391CC /* Sources */,
				9B3B93CE1AFE7F7F00C391CC /* Frameworks */,
				9B3B93CF1AFE7F7F00C391CC /* Resources */,
			);
			buildRules = (
			);
			dependencies = (
				9B3B93D31AFE7F7F00C391CC /* PBXTargetDependency */,
			);
			name = CellScopeLoaTests;
			productName = CellScopeLoaTests;
			productReference = 9B3B93D11AFE7F7F00C391CC /* CellScopeLoaTests.xctest */;
			productType = "com.apple.product-type.bundle.unit-test";
		};
/* End PBXNativeTarget section */

/* Begin PBXProject section */
		9B3B93AD1AFE7F7F00C391CC /* Project object */ = {
			isa = PBXProject;
			attributes = {
				LastUpgradeCheck = 0820;
				ORGANIZATIONNAME = "Fletcher Lab";
				TargetAttributes = {
					9B3B93B41AFE7F7F00C391CC = {
						CreatedOnToolsVersion = 6.0.1;
						DevelopmentTeam = 76ANGZ5BJZ;
					};
					9B3B93D01AFE7F7F00C391CC = {
						CreatedOnToolsVersion = 6.0.1;
						TestTargetID = 9B3B93B41AFE7F7F00C391CC;
					};
				};
			};
			buildConfigurationList = 9B3B93B01AFE7F7F00C391CC /* Build configuration list for PBXProject "CellScopeLoa" */;
			compatibilityVersion = "Xcode 3.2";
			developmentRegion = English;
			hasScannedForEncodings = 0;
			knownRegions = (
				en,
				Base,
				fr,
			);
			mainGroup = 9B3B93AC1AFE7F7F00C391CC;
			productRefGroup = 9B3B93B61AFE7F7F00C391CC /* Products */;
			projectDirPath = "";
			projectRoot = "";
			targets = (
				9B3B93B41AFE7F7F00C391CC /* CellScopeLoa */,
				9B3B93D01AFE7F7F00C391CC /* CellScopeLoaTests */,
			);
		};
/* End PBXProject section */

/* Begin PBXResourcesBuildPhase section */
		9B3B93B31AFE7F7F00C391CC /* Resources */ = {
			isa = PBXResourcesBuildPhase;
			buildActionMask = 2147483647;
			files = (
				9B3B93C71AFE7F7F00C391CC /* Main.storyboard in Resources */,
				9BAFD6E51B0934BF001DC361 /* Localizable.strings in Resources */,
				9B3B93CC1AFE7F7F00C391CC /* LaunchScreen.xib in Resources */,
				9B3B93C91AFE7F7F00C391CC /* Images.xcassets in Resources */,
			);
			runOnlyForDeploymentPostprocessing = 0;
		};
		9B3B93CF1AFE7F7F00C391CC /* Resources */ = {
			isa = PBXResourcesBuildPhase;
			buildActionMask = 2147483647;
			files = (
			);
			runOnlyForDeploymentPostprocessing = 0;
		};
/* End PBXResourcesBuildPhase section */

/* Begin PBXShellScriptBuildPhase section */
		BA75D8D7397FD39B8EF44966 /* [CP] Check Pods Manifest.lock */ = {
			isa = PBXShellScriptBuildPhase;
			buildActionMask = 2147483647;
			files = (
			);
			inputPaths = (
			);
			name = "[CP] Check Pods Manifest.lock";
			outputPaths = (
			);
			runOnlyForDeploymentPostprocessing = 0;
			shellPath = /bin/sh;
			shellScript = "diff \"${PODS_ROOT}/../Podfile.lock\" \"${PODS_ROOT}/Manifest.lock\" > /dev/null\nif [ $? != 0 ] ; then\n    # print error to STDERR\n    echo \"error: The sandbox is not in sync with the Podfile.lock. Run 'pod install' or update your CocoaPods installation.\" >&2\n    exit 1\nfi\n";
			showEnvVarsInLog = 0;
		};
		BBDC39CF37CE39AADFA66389 /* [CP] Embed Pods Frameworks */ = {
			isa = PBXShellScriptBuildPhase;
			buildActionMask = 2147483647;
			files = (
			);
			inputPaths = (
			);
			name = "[CP] Embed Pods Frameworks";
			outputPaths = (
			);
			runOnlyForDeploymentPostprocessing = 0;
			shellPath = /bin/sh;
			shellScript = "\"${SRCROOT}/Pods/Target Support Files/Pods-CellScopeLoa/Pods-CellScopeLoa-frameworks.sh\"\n";
			showEnvVarsInLog = 0;
		};
		BF12CAE5611C8BDC77B57333 /* [CP] Copy Pods Resources */ = {
			isa = PBXShellScriptBuildPhase;
			buildActionMask = 2147483647;
			files = (
			);
			inputPaths = (
			);
			name = "[CP] Copy Pods Resources";
			outputPaths = (
			);
			runOnlyForDeploymentPostprocessing = 0;
			shellPath = /bin/sh;
			shellScript = "\"${SRCROOT}/Pods/Target Support Files/Pods-CellScopeLoa/Pods-CellScopeLoa-resources.sh\"\n";
			showEnvVarsInLog = 0;
		};
/* End PBXShellScriptBuildPhase section */

/* Begin PBXSourcesBuildPhase section */
		9B3B93B11AFE7F7F00C391CC /* Sources */ = {
			isa = PBXSourcesBuildPhase;
			buildActionMask = 2147483647;
			files = (
				9B2209F91B1B966E00093516 /* VideosViewController.m in Sources */,
				9B3B94011AFE87F100C391CC /* MenuTableViewController.m in Sources */,
				9B3B93BE1AFE7F7F00C391CC /* LoaAppDelegate.m in Sources */,
				9B3B940D1AFEA11900C391CC /* TestViewController.m in Sources */,
				9B1326921B03BB7100FB694B /* ExposureISOViewController.m in Sources */,
				9B9D7D271DC2FC66004F7EC3 /* DynamoDataAdaptor.m in Sources */,
				9B8418421AFFF12D008DBA7B /* constants.m in Sources */,
				9B2209FC1B1BB4F400093516 /* ImageScrollView.m in Sources */,
				9BAFD6F31B099B82001DC361 /* ParseDataAdaptor.m in Sources */,
				9B84183C1AFFEFCA008DBA7B /* BLE.m in Sources */,
				9BAFD6F91B0C3427001DC361 /* AugmentedMotionScopeViewController.m in Sources */,
				9B3B93BB1AFE7F7F00C391CC /* main.m in Sources */,
				9BAFD6D91B06A489001DC361 /* TestValidation.m in Sources */,
				9BAFD6F61B09A0F4001DC361 /* CloudSyncViewController.m in Sources */,
				9B2209ED1B1B813800093516 /* TestRecordViewController.m in Sources */,
				9B84185A1B0032D9008DBA7B /* CSLContext.m in Sources */,
				9BAFD6E21B09148F001DC361 /* BluetoothLoaDevice.m in Sources */,
				9B1326951B03D00600FB694B /* CameraDispatcher.m in Sources */,
				9B3B940A1AFE980B00C391CC /* ManualIDViewController.m in Sources */,
				9B8418341AFEC97A008DBA7B /* DeviceTableViewController.m in Sources */,
				9B8418701B01239D008DBA7B /* SettingsTableViewController.m in Sources */,
				9BAFD6F01B093C0C001DC361 /* InvalidResultsViewController.m in Sources */,
				9B0C49D71B42E2AC007AF237 /* DiskSpaceManager.m in Sources */,
				9B9D7D241DC2FA37004F7EC3 /* DynamoTestRecord.m in Sources */,
				9B84182E1AFEC839008DBA7B /* TextBluetoothScanner.m in Sources */,
				9B3B94101AFEA25900C391CC /* CaptureViewController.m in Sources */,
				9B8418481B0024C4008DBA7B /* Model.xcdatamodeld in Sources */,
				9B4792461B0D93E400460CA3 /* DataTableViewController.m in Sources */,
				9B84186D1B01201E008DBA7B /* SettingsPasswordViewController.m in Sources */,
				9BFF5B921B4DC1D800831E7E /* CapillaryRecord.m in Sources */,
				9B0C923D1B058055008F70E3 /* UIImage+OpenCV.mm in Sources */,
				9B0C92381B05801B008F70E3 /* FrameBuffer.mm in Sources */,
				9B13268F1B03B64800FB694B /* WhiteBalanceViewController.m in Sources */,
				9B8418371AFFD9D1008DBA7B /* LLCamera.m in Sources */,
				9B3B94041AFE8B1900C391CC /* BarcodeIDViewController.m in Sources */,
				9B6AF2601B503A38005552A7 /* Video.m in Sources */,
				9BAFD6DF1B06AB12001DC361 /* ValidResultsViewController.m in Sources */,
				9B8418451B000D71008DBA7B /* DeviceManagerViewController.m in Sources */,
				9B84183F1AFFF068008DBA7B /* BLEManager.m in Sources */,
				9B2209F61B1B8E3900093516 /* MotionObject.m in Sources */,
				9BFF5B891B4C75C000831E7E /* TestRecord.m in Sources */,
				9B0C92461B05899B008F70E3 /* MotionAnalysis.mm in Sources */,
				9B89B9AC1DC6AE6500EFD2DD /* DynamoVideo.m in Sources */,
			);
			runOnlyForDeploymentPostprocessing = 0;
		};
		9B3B93CD1AFE7F7F00C391CC /* Sources */ = {
			isa = PBXSourcesBuildPhase;
			buildActionMask = 2147483647;
			files = (
				9B3B93D81AFE7F7F00C391CC /* CellScopeLoaTests.m in Sources */,
			);
			runOnlyForDeploymentPostprocessing = 0;
		};
/* End PBXSourcesBuildPhase section */

/* Begin PBXTargetDependency section */
		9B3B93D31AFE7F7F00C391CC /* PBXTargetDependency */ = {
			isa = PBXTargetDependency;
			target = 9B3B93B41AFE7F7F00C391CC /* CellScopeLoa */;
			targetProxy = 9B3B93D21AFE7F7F00C391CC /* PBXContainerItemProxy */;
		};
/* End PBXTargetDependency section */

/* Begin PBXVariantGroup section */
		9B3B93C51AFE7F7F00C391CC /* Main.storyboard */ = {
			isa = PBXVariantGroup;
			children = (
				9B3B93C61AFE7F7F00C391CC /* Base */,
				9B0C49D81B49D27D007AF237 /* fr */,
			);
			name = Main.storyboard;
			sourceTree = "<group>";
		};
		9B3B93CA1AFE7F7F00C391CC /* LaunchScreen.xib */ = {
			isa = PBXVariantGroup;
			children = (
				9B3B93CB1AFE7F7F00C391CC /* Base */,
				9B0C49D91B49D27D007AF237 /* fr */,
			);
			name = LaunchScreen.xib;
			sourceTree = "<group>";
		};
		9BAFD6E71B0934BF001DC361 /* Localizable.strings */ = {
			isa = PBXVariantGroup;
			children = (
				9BAFD6E61B0934BF001DC361 /* Base */,
				9B0C49DA1B49D27D007AF237 /* fr */,
			);
			name = Localizable.strings;
			sourceTree = "<group>";
		};
/* End PBXVariantGroup section */

/* Begin XCBuildConfiguration section */
		9B3B93D91AFE7F7F00C391CC /* Debug */ = {
			isa = XCBuildConfiguration;
			buildSettings = {
				ALWAYS_SEARCH_USER_PATHS = NO;
				CLANG_ANALYZER_LOCALIZABILITY_NONLOCALIZED = YES;
				CLANG_CXX_LANGUAGE_STANDARD = "gnu++0x";
				CLANG_CXX_LIBRARY = "libc++";
				CLANG_ENABLE_MODULES = YES;
				CLANG_ENABLE_OBJC_ARC = YES;
				CLANG_WARN_BOOL_CONVERSION = YES;
				CLANG_WARN_CONSTANT_CONVERSION = YES;
				CLANG_WARN_DIRECT_OBJC_ISA_USAGE = YES_ERROR;
				CLANG_WARN_EMPTY_BODY = YES;
				CLANG_WARN_ENUM_CONVERSION = YES;
				CLANG_WARN_INFINITE_RECURSION = YES;
				CLANG_WARN_INT_CONVERSION = YES;
				CLANG_WARN_OBJC_ROOT_CLASS = YES_ERROR;
				CLANG_WARN_SUSPICIOUS_MOVE = YES;
				CLANG_WARN_UNREACHABLE_CODE = YES;
				CLANG_WARN__DUPLICATE_METHOD_MATCH = YES;
				"CODE_SIGN_IDENTITY[sdk=iphoneos*]" = "iPhone Developer";
				COPY_PHASE_STRIP = NO;
				ENABLE_STRICT_OBJC_MSGSEND = YES;
				ENABLE_TESTABILITY = YES;
				GCC_C_LANGUAGE_STANDARD = gnu99;
				GCC_DYNAMIC_NO_PIC = NO;
				GCC_NO_COMMON_BLOCKS = YES;
				GCC_OPTIMIZATION_LEVEL = 0;
				GCC_PREPROCESSOR_DEFINITIONS = (
					"DEBUG=1",
					"$(inherited)",
				);
				GCC_SYMBOLS_PRIVATE_EXTERN = NO;
				GCC_WARN_64_TO_32_BIT_CONVERSION = YES;
				GCC_WARN_ABOUT_RETURN_TYPE = YES_ERROR;
				GCC_WARN_UNDECLARED_SELECTOR = YES;
				GCC_WARN_UNINITIALIZED_AUTOS = YES_AGGRESSIVE;
				GCC_WARN_UNUSED_FUNCTION = YES;
				GCC_WARN_UNUSED_VARIABLE = YES;
				IPHONEOS_DEPLOYMENT_TARGET = 8.0;
				MTL_ENABLE_DEBUG_INFO = YES;
				ONLY_ACTIVE_ARCH = YES;
				SDKROOT = iphoneos;
			};
			name = Debug;
		};
		9B3B93DA1AFE7F7F00C391CC /* Release */ = {
			isa = XCBuildConfiguration;
			buildSettings = {
				ALWAYS_SEARCH_USER_PATHS = NO;
				CLANG_ANALYZER_LOCALIZABILITY_NONLOCALIZED = YES;
				CLANG_CXX_LANGUAGE_STANDARD = "gnu++0x";
				CLANG_CXX_LIBRARY = "libc++";
				CLANG_ENABLE_MODULES = YES;
				CLANG_ENABLE_OBJC_ARC = YES;
				CLANG_WARN_BOOL_CONVERSION = YES;
				CLANG_WARN_CONSTANT_CONVERSION = YES;
				CLANG_WARN_DIRECT_OBJC_ISA_USAGE = YES_ERROR;
				CLANG_WARN_EMPTY_BODY = YES;
				CLANG_WARN_ENUM_CONVERSION = YES;
				CLANG_WARN_INFINITE_RECURSION = YES;
				CLANG_WARN_INT_CONVERSION = YES;
				CLANG_WARN_OBJC_ROOT_CLASS = YES_ERROR;
				CLANG_WARN_SUSPICIOUS_MOVE = YES;
				CLANG_WARN_UNREACHABLE_CODE = YES;
				CLANG_WARN__DUPLICATE_METHOD_MATCH = YES;
				"CODE_SIGN_IDENTITY[sdk=iphoneos*]" = "iPhone Developer";
				COPY_PHASE_STRIP = YES;
				ENABLE_NS_ASSERTIONS = NO;
				ENABLE_STRICT_OBJC_MSGSEND = YES;
				GCC_C_LANGUAGE_STANDARD = gnu99;
				GCC_NO_COMMON_BLOCKS = YES;
				GCC_WARN_64_TO_32_BIT_CONVERSION = YES;
				GCC_WARN_ABOUT_RETURN_TYPE = YES_ERROR;
				GCC_WARN_UNDECLARED_SELECTOR = YES;
				GCC_WARN_UNINITIALIZED_AUTOS = YES_AGGRESSIVE;
				GCC_WARN_UNUSED_FUNCTION = YES;
				GCC_WARN_UNUSED_VARIABLE = YES;
				IPHONEOS_DEPLOYMENT_TARGET = 8.0;
				MTL_ENABLE_DEBUG_INFO = NO;
				SDKROOT = iphoneos;
				VALIDATE_PRODUCT = YES;
			};
			name = Release;
		};
		9B3B93DC1AFE7F7F00C391CC /* Debug */ = {
			isa = XCBuildConfiguration;
			baseConfigurationReference = BC294E012F67165C8EDB74FA /* Pods-CellScopeLoa.debug.xcconfig */;
			buildSettings = {
				ASSETCATALOG_COMPILER_APPICON_NAME = AppIcon;
				CODE_SIGN_IDENTITY = "iPhone Developer";
				"CODE_SIGN_IDENTITY[sdk=iphoneos*]" = "iPhone Developer";
				DEVELOPMENT_TEAM = 76ANGZ5BJZ;
				ENABLE_BITCODE = NO;
				FRAMEWORK_SEARCH_PATHS = (
					"$(inherited)",
					"$(PROJECT_DIR)/CellScopeLoa",
					/Users/mhbakalar/Dropbox/Projects,
					"$(PROJECT_DIR)",
					"$(PROJECT_DIR)/Carthage/Build/iOS",
				);
				GCC_PRECOMPILE_PREFIX_HEADER = YES;
				GCC_PREFIX_HEADER = "CellScopeLoa/CellScopeLoa-Prefix.pch";
				INFOPLIST_FILE = CellScopeLoa/Info.plist;
				LD_RUNPATH_SEARCH_PATHS = "$(inherited) @executable_path/Frameworks";
				PRODUCT_BUNDLE_IDENTIFIER = edu.fletchlab.CellScopeLoa;
				PRODUCT_NAME = "$(TARGET_NAME)";
				PROVISIONING_PROFILE = "";
			};
			name = Debug;
		};
		9B3B93DD1AFE7F7F00C391CC /* Release */ = {
			isa = XCBuildConfiguration;
			baseConfigurationReference = D44BB2C89EBD4529FBCF6C36 /* Pods-CellScopeLoa.release.xcconfig */;
			buildSettings = {
				ASSETCATALOG_COMPILER_APPICON_NAME = AppIcon;
				CODE_SIGN_IDENTITY = "iPhone Developer";
				"CODE_SIGN_IDENTITY[sdk=iphoneos*]" = "iPhone Developer";
				DEVELOPMENT_TEAM = 76ANGZ5BJZ;
				ENABLE_BITCODE = NO;
				FRAMEWORK_SEARCH_PATHS = (
					"$(inherited)",
					"$(PROJECT_DIR)/CellScopeLoa",
					/Users/mhbakalar/Dropbox/Projects,
					"$(PROJECT_DIR)",
					"$(PROJECT_DIR)/Carthage/Build/iOS",
				);
				GCC_PRECOMPILE_PREFIX_HEADER = YES;
				GCC_PREFIX_HEADER = "CellScopeLoa/CellScopeLoa-Prefix.pch";
				INFOPLIST_FILE = CellScopeLoa/Info.plist;
				LD_RUNPATH_SEARCH_PATHS = "$(inherited) @executable_path/Frameworks";
				PRODUCT_BUNDLE_IDENTIFIER = edu.fletchlab.CellScopeLoa;
				PRODUCT_NAME = "$(TARGET_NAME)";
				PROVISIONING_PROFILE = "";
			};
			name = Release;
		};
		9B3B93DF1AFE7F7F00C391CC /* Debug */ = {
			isa = XCBuildConfiguration;
			buildSettings = {
				BUNDLE_LOADER = "$(TEST_HOST)";
				FRAMEWORK_SEARCH_PATHS = (
					"$(SDKROOT)/Developer/Library/Frameworks",
					"$(inherited)",
				);
				GCC_PREPROCESSOR_DEFINITIONS = (
					"DEBUG=1",
					"$(inherited)",
				);
				INFOPLIST_FILE = CellScopeLoaTests/Info.plist;
				LD_RUNPATH_SEARCH_PATHS = "$(inherited) @executable_path/Frameworks @loader_path/Frameworks";
				PRODUCT_BUNDLE_IDENTIFIER = "FL.$(PRODUCT_NAME:rfc1034identifier)";
				PRODUCT_NAME = "$(TARGET_NAME)";
				TEST_HOST = "$(BUILT_PRODUCTS_DIR)/CellScopeLoa.app/CellScopeLoa";
			};
			name = Debug;
		};
		9B3B93E01AFE7F7F00C391CC /* Release */ = {
			isa = XCBuildConfiguration;
			buildSettings = {
				BUNDLE_LOADER = "$(TEST_HOST)";
				FRAMEWORK_SEARCH_PATHS = (
					"$(SDKROOT)/Developer/Library/Frameworks",
					"$(inherited)",
				);
				INFOPLIST_FILE = CellScopeLoaTests/Info.plist;
				LD_RUNPATH_SEARCH_PATHS = "$(inherited) @executable_path/Frameworks @loader_path/Frameworks";
				PRODUCT_BUNDLE_IDENTIFIER = "FL.$(PRODUCT_NAME:rfc1034identifier)";
				PRODUCT_NAME = "$(TARGET_NAME)";
				TEST_HOST = "$(BUILT_PRODUCTS_DIR)/CellScopeLoa.app/CellScopeLoa";
			};
			name = Release;
		};
/* End XCBuildConfiguration section */

/* Begin XCConfigurationList section */
		9B3B93B01AFE7F7F00C391CC /* Build configuration list for PBXProject "CellScopeLoa" */ = {
			isa = XCConfigurationList;
			buildConfigurations = (
				9B3B93D91AFE7F7F00C391CC /* Debug */,
				9B3B93DA1AFE7F7F00C391CC /* Release */,
			);
			defaultConfigurationIsVisible = 0;
			defaultConfigurationName = Release;
		};
		9B3B93DB1AFE7F7F00C391CC /* Build configuration list for PBXNativeTarget "CellScopeLoa" */ = {
			isa = XCConfigurationList;
			buildConfigurations = (
				9B3B93DC1AFE7F7F00C391CC /* Debug */,
				9B3B93DD1AFE7F7F00C391CC /* Release */,
			);
			defaultConfigurationIsVisible = 0;
			defaultConfigurationName = Release;
		};
		9B3B93DE1AFE7F7F00C391CC /* Build configuration list for PBXNativeTarget "CellScopeLoaTests" */ = {
			isa = XCConfigurationList;
			buildConfigurations = (
				9B3B93DF1AFE7F7F00C391CC /* Debug */,
				9B3B93E01AFE7F7F00C391CC /* Release */,
			);
			defaultConfigurationIsVisible = 0;
			defaultConfigurationName = Release;
		};
/* End XCConfigurationList section */

/* Begin XCVersionGroup section */
		9B8418461B0024C4008DBA7B /* Model.xcdatamodeld */ = {
			isa = XCVersionGroup;
			children = (
				9B8418471B0024C4008DBA7B /* Model.xcdatamodel */,
			);
			currentVersion = 9B8418471B0024C4008DBA7B /* Model.xcdatamodel */;
			path = Model.xcdatamodeld;
			sourceTree = "<group>";
			versionGroupType = wrapper.xcdatamodel;
		};
/* End XCVersionGroup section */
	};
	rootObject = 9B3B93AD1AFE7F7F00C391CC /* Project object */;
}
